
Microsoft Visual Studio Solution File, Format Version 12.00
# Visual Studio Version 16
VisualStudioVersion = 16.0.31205.134
MinimumVisualStudioVersion = 10.0.40219.1
Project("{FAE04EC0-301F-11D3-BF4B-00C04F79EFBC}") = "Start Template ASP.Net Core 5", "Start Template ASP.Net Core 5\Start Template ASP.Net Core 5.csproj", "{6F2003FD-6859-4395-A8A8-413325767CC1}"
EndProject
Global
	GlobalSection(SolutionConfigurationPlatforms) = preSolution
		Debug|Any CPU = Debug|Any CPU
		Release|Any CPU = Release|Any CPU
	EndGlobalSection
	GlobalSection(ProjectConfigurationPlatforms) = postSolution
		{6F2003FD-6859-4395-A8A8-413325767CC1}.Debug|Any CPU.ActiveCfg = Debug|Any CPU
		{6F2003FD-6859-4395-A8A8-413325767CC1}.Debug|Any CPU.Build.0 = Debug|Any CPU
		{6F2003FD-6859-4395-A8A8-413325767CC1}.Release|Any CPU.ActiveCfg = Release|Any CPU
		{6F2003FD-6859-4395-A8A8-413325767CC1}.Release|Any CPU.Build.0 = Release|Any CPU
	EndGlobalSection
	GlobalSection(SolutionProperties) = preSolution
		HideSolutionNode = FALSE
	EndGlobalSection
	GlobalSection(ExtensibilityGlobals) = postSolution
		SolutionGuid = {73E71EB8-CCA1-4593-8772-5348E1F5CA41}
	EndGlobalSection
EndGlobal
